// !$*UTF8*$!
{
	archiveVersion = 1;
	classes = {
	};
	objectVersion = 52;
	objects = {

/* Begin PBXBuildFile section */
		913D69A124D47BCB00CEAC16 /* ItemViewController.swift in Sources */ = {isa = PBXBuildFile; fileRef = 913D69A024D47BCB00CEAC16 /* ItemViewController.swift */; };
		913DFD9224D46E2F00DAB556 /* PickerViewController.swift in Sources */ = {isa = PBXBuildFile; fileRef = 913DFD9124D46E2F00DAB556 /* PickerViewController.swift */; };
		9144BCC324BCC9FF00B4AC69 /* Constants.swift in Sources */ = {isa = PBXBuildFile; fileRef = 9144BCC224BCC9FF00B4AC69 /* Constants.swift */; };
		9145505524D828A3006541BF /* MealCell.xib in Resources */ = {isa = PBXBuildFile; fileRef = 9145505324D828A3006541BF /* MealCell.xib */; };
		9148BC9F24EE39EC00F1D33F /* ProfileViewController.swift in Sources */ = {isa = PBXBuildFile; fileRef = 9148BC9E24EE39EC00F1D33F /* ProfileViewController.swift */; };
		914C902524D91FFC00BB33AC /* ListViewController.swift in Sources */ = {isa = PBXBuildFile; fileRef = 914C902424D91FFC00BB33AC /* ListViewController.swift */; };
		914C9FD624CA0D7E0088D162 /* AppItem.swift in Sources */ = {isa = PBXBuildFile; fileRef = 914C9FD524CA0D7E0088D162 /* AppItem.swift */; };
		914D2E1424C59387006C4B61 /* Day.swift in Sources */ = {isa = PBXBuildFile; fileRef = 914D2E1324C59387006C4B61 /* Day.swift */; };
		914D2E1724C593D6006C4B61 /* Meal.swift in Sources */ = {isa = PBXBuildFile; fileRef = 914D2E1624C593D6006C4B61 /* Meal.swift */; };
		914DCF4D24C43A74006BA902 /* MealViewController.swift in Sources */ = {isa = PBXBuildFile; fileRef = 914DCF4C24C43A74006BA902 /* MealViewController.swift */; };
		914F50E924E03E2500F994AD /* AlimentViewController.swift in Sources */ = {isa = PBXBuildFile; fileRef = 914F50E824E03E2500F994AD /* AlimentViewController.swift */; };
		915F1FE324C706EA005C88C2 /* EditViewController.swift in Sources */ = {isa = PBXBuildFile; fileRef = 915F1FE224C706EA005C88C2 /* EditViewController.swift */; };
		915F1FE524C70D54005C88C2 /* PartialSizePresentController.swift in Sources */ = {isa = PBXBuildFile; fileRef = 915F1FE424C70D54005C88C2 /* PartialSizePresentController.swift */; };
		9164BFFD24E1010C00D2D80A /* AlimentCell.xib in Resources */ = {isa = PBXBuildFile; fileRef = 9164BFFB24E1010C00D2D80A /* AlimentCell.xib */; };
		9164BFFF24E109F500D2D80A /* Aliment.swift in Sources */ = {isa = PBXBuildFile; fileRef = 9164BFFE24E109F500D2D80A /* Aliment.swift */; };
		9164C00824E1D99F00D2D80A /* AlimentsCell.swift in Sources */ = {isa = PBXBuildFile; fileRef = 9164C00624E1D99F00D2D80A /* AlimentsCell.swift */; };
		9164C00924E1D99F00D2D80A /* AlimentsCell.xib in Resources */ = {isa = PBXBuildFile; fileRef = 9164C00724E1D99F00D2D80A /* AlimentsCell.xib */; };
		9164C00C24E1DF0200D2D80A /* AlimentTypesViewController.swift in Sources */ = {isa = PBXBuildFile; fileRef = 9164C00B24E1DF0200D2D80A /* AlimentTypesViewController.swift */; };
		9164C01024E2600100D2D80A /* Extensions.swift in Sources */ = {isa = PBXBuildFile; fileRef = 9164C00F24E2600100D2D80A /* Extensions.swift */; };
		9164C01324E2AEA800D2D80A /* AlimentType.swift in Sources */ = {isa = PBXBuildFile; fileRef = 9164C01224E2AEA800D2D80A /* AlimentType.swift */; };
		9164C01624E5011100D2D80A /* EditTypeViewController.swift in Sources */ = {isa = PBXBuildFile; fileRef = 9164C01524E5011100D2D80A /* EditTypeViewController.swift */; };
		9164C01924E5B3A800D2D80A /* IQKeyboardManagerSwift in Frameworks */ = {isa = PBXBuildFile; productRef = 9164C01824E5B3A800D2D80A /* IQKeyboardManagerSwift */; };
		9167BD2E24B4398900B3FD1F /* AppDelegate.swift in Sources */ = {isa = PBXBuildFile; fileRef = 9167BD2D24B4398900B3FD1F /* AppDelegate.swift */; };
		9167BD3024B4398900B3FD1F /* SceneDelegate.swift in Sources */ = {isa = PBXBuildFile; fileRef = 9167BD2F24B4398900B3FD1F /* SceneDelegate.swift */; };
		9167BD3224B4398900B3FD1F /* DayViewController.swift in Sources */ = {isa = PBXBuildFile; fileRef = 9167BD3124B4398900B3FD1F /* DayViewController.swift */; };
		9167BD3524B4398900B3FD1F /* Main.storyboard in Resources */ = {isa = PBXBuildFile; fileRef = 9167BD3324B4398900B3FD1F /* Main.storyboard */; };
		9167BD3724B4398B00B3FD1F /* Assets.xcassets in Resources */ = {isa = PBXBuildFile; fileRef = 9167BD3624B4398B00B3FD1F /* Assets.xcassets */; };
		9167BD3A24B4398B00B3FD1F /* LaunchScreen.storyboard in Resources */ = {isa = PBXBuildFile; fileRef = 9167BD3824B4398B00B3FD1F /* LaunchScreen.storyboard */; };
		91D4599524BC776900469B05 /* CustomCell.swift in Sources */ = {isa = PBXBuildFile; fileRef = 91D4599324BC776900469B05 /* CustomCell.swift */; };
		91D4599624BC776900469B05 /* DayCell.xib in Resources */ = {isa = PBXBuildFile; fileRef = 91D4599424BC776900469B05 /* DayCell.xib */; };
		91F9BC9024ECE9F400E43F45 /* Macro.swift in Sources */ = {isa = PBXBuildFile; fileRef = 91F9BC8F24ECE9F400E43F45 /* Macro.swift */; };
		B2180350FFAC47EE981F12D3 /* Pods_FeedMe.framework in Frameworks */ = {isa = PBXBuildFile; fileRef = 0E5B3D968D2059E91B9C3E20 /* Pods_FeedMe.framework */; };
/* End PBXBuildFile section */

/* Begin PBXFileReference section */
		0E5B3D968D2059E91B9C3E20 /* Pods_FeedMe.framework */ = {isa = PBXFileReference; explicitFileType = wrapper.framework; includeInIndex = 0; path = Pods_FeedMe.framework; sourceTree = BUILT_PRODUCTS_DIR; };
		20E598F76B8DBC66ECAD8470 /* Pods-FeedMe.release.xcconfig */ = {isa = PBXFileReference; includeInIndex = 1; lastKnownFileType = text.xcconfig; name = "Pods-FeedMe.release.xcconfig"; path = "Target Support Files/Pods-FeedMe/Pods-FeedMe.release.xcconfig"; sourceTree = "<group>"; };
		913D69A024D47BCB00CEAC16 /* ItemViewController.swift */ = {isa = PBXFileReference; lastKnownFileType = sourcecode.swift; path = ItemViewController.swift; sourceTree = "<group>"; };
		913DFD9124D46E2F00DAB556 /* PickerViewController.swift */ = {isa = PBXFileReference; lastKnownFileType = sourcecode.swift; path = PickerViewController.swift; sourceTree = "<group>"; };
		9144BCC224BCC9FF00B4AC69 /* Constants.swift */ = {isa = PBXFileReference; lastKnownFileType = sourcecode.swift; path = Constants.swift; sourceTree = "<group>"; };
		9145505324D828A3006541BF /* MealCell.xib */ = {isa = PBXFileReference; lastKnownFileType = file.xib; path = MealCell.xib; sourceTree = "<group>"; };
		9148BC9E24EE39EC00F1D33F /* ProfileViewController.swift */ = {isa = PBXFileReference; lastKnownFileType = sourcecode.swift; path = ProfileViewController.swift; sourceTree = "<group>"; };
		914C902424D91FFC00BB33AC /* ListViewController.swift */ = {isa = PBXFileReference; lastKnownFileType = sourcecode.swift; path = ListViewController.swift; sourceTree = "<group>"; };
		914C9FD524CA0D7E0088D162 /* AppItem.swift */ = {isa = PBXFileReference; lastKnownFileType = sourcecode.swift; path = AppItem.swift; sourceTree = "<group>"; };
		914D2E1324C59387006C4B61 /* Day.swift */ = {isa = PBXFileReference; lastKnownFileType = sourcecode.swift; path = Day.swift; sourceTree = "<group>"; };
		914D2E1624C593D6006C4B61 /* Meal.swift */ = {isa = PBXFileReference; lastKnownFileType = sourcecode.swift; path = Meal.swift; sourceTree = "<group>"; };
		914DCF4C24C43A74006BA902 /* MealViewController.swift */ = {isa = PBXFileReference; lastKnownFileType = sourcecode.swift; path = MealViewController.swift; sourceTree = "<group>"; };
		914F50E824E03E2500F994AD /* AlimentViewController.swift */ = {isa = PBXFileReference; lastKnownFileType = sourcecode.swift; path = AlimentViewController.swift; sourceTree = "<group>"; };
		915F1FE224C706EA005C88C2 /* EditViewController.swift */ = {isa = PBXFileReference; lastKnownFileType = sourcecode.swift; path = EditViewController.swift; sourceTree = "<group>"; };
		915F1FE424C70D54005C88C2 /* PartialSizePresentController.swift */ = {isa = PBXFileReference; lastKnownFileType = sourcecode.swift; path = PartialSizePresentController.swift; sourceTree = "<group>"; };
		9164BFFB24E1010C00D2D80A /* AlimentCell.xib */ = {isa = PBXFileReference; lastKnownFileType = file.xib; path = AlimentCell.xib; sourceTree = "<group>"; };
		9164BFFE24E109F500D2D80A /* Aliment.swift */ = {isa = PBXFileReference; lastKnownFileType = sourcecode.swift; path = Aliment.swift; sourceTree = "<group>"; };
		9164C00624E1D99F00D2D80A /* AlimentsCell.swift */ = {isa = PBXFileReference; lastKnownFileType = sourcecode.swift; path = AlimentsCell.swift; sourceTree = "<group>"; };
		9164C00724E1D99F00D2D80A /* AlimentsCell.xib */ = {isa = PBXFileReference; lastKnownFileType = file.xib; path = AlimentsCell.xib; sourceTree = "<group>"; };
		9164C00B24E1DF0200D2D80A /* AlimentTypesViewController.swift */ = {isa = PBXFileReference; lastKnownFileType = sourcecode.swift; path = AlimentTypesViewController.swift; sourceTree = "<group>"; };
		9164C00F24E2600100D2D80A /* Extensions.swift */ = {isa = PBXFileReference; lastKnownFileType = sourcecode.swift; path = Extensions.swift; sourceTree = "<group>"; };
		9164C01224E2AEA800D2D80A /* AlimentType.swift */ = {isa = PBXFileReference; lastKnownFileType = sourcecode.swift; path = AlimentType.swift; sourceTree = "<group>"; };
		9164C01524E5011100D2D80A /* EditTypeViewController.swift */ = {isa = PBXFileReference; lastKnownFileType = sourcecode.swift; path = EditTypeViewController.swift; sourceTree = "<group>"; };
		9167BD2A24B4398900B3FD1F /* FeedMe.app */ = {isa = PBXFileReference; explicitFileType = wrapper.application; includeInIndex = 0; path = FeedMe.app; sourceTree = BUILT_PRODUCTS_DIR; };
		9167BD2D24B4398900B3FD1F /* AppDelegate.swift */ = {isa = PBXFileReference; lastKnownFileType = sourcecode.swift; path = AppDelegate.swift; sourceTree = "<group>"; };
		9167BD2F24B4398900B3FD1F /* SceneDelegate.swift */ = {isa = PBXFileReference; lastKnownFileType = sourcecode.swift; path = SceneDelegate.swift; sourceTree = "<group>"; };
		9167BD3124B4398900B3FD1F /* DayViewController.swift */ = {isa = PBXFileReference; lastKnownFileType = sourcecode.swift; path = DayViewController.swift; sourceTree = "<group>"; };
		9167BD3424B4398900B3FD1F /* Base */ = {isa = PBXFileReference; lastKnownFileType = file.storyboard; name = Base; path = Base.lproj/Main.storyboard; sourceTree = "<group>"; };
		9167BD3624B4398B00B3FD1F /* Assets.xcassets */ = {isa = PBXFileReference; lastKnownFileType = folder.assetcatalog; path = Assets.xcassets; sourceTree = "<group>"; };
		9167BD3924B4398B00B3FD1F /* Base */ = {isa = PBXFileReference; lastKnownFileType = file.storyboard; name = Base; path = Base.lproj/LaunchScreen.storyboard; sourceTree = "<group>"; };
		9167BD3B24B4398B00B3FD1F /* Info.plist */ = {isa = PBXFileReference; lastKnownFileType = text.plist.xml; path = Info.plist; sourceTree = "<group>"; };
		91D4599324BC776900469B05 /* CustomCell.swift */ = {isa = PBXFileReference; lastKnownFileType = sourcecode.swift; path = CustomCell.swift; sourceTree = "<group>"; };
		91D4599424BC776900469B05 /* DayCell.xib */ = {isa = PBXFileReference; lastKnownFileType = file.xib; path = DayCell.xib; sourceTree = "<group>"; };
		91F9BC8F24ECE9F400E43F45 /* Macro.swift */ = {isa = PBXFileReference; lastKnownFileType = sourcecode.swift; path = Macro.swift; sourceTree = "<group>"; };
		D6EEAE6C3FC2DEB825519785 /* Pods-FeedMe.debug.xcconfig */ = {isa = PBXFileReference; includeInIndex = 1; lastKnownFileType = text.xcconfig; name = "Pods-FeedMe.debug.xcconfig"; path = "Target Support Files/Pods-FeedMe/Pods-FeedMe.debug.xcconfig"; sourceTree = "<group>"; };
/* End PBXFileReference section */

/* Begin PBXFrameworksBuildPhase section */
		9167BD2724B4398900B3FD1F /* Frameworks */ = {
			isa = PBXFrameworksBuildPhase;
			buildActionMask = 2147483647;
			files = (
				B2180350FFAC47EE981F12D3 /* Pods_FeedMe.framework in Frameworks */,
				9164C01924E5B3A800D2D80A /* IQKeyboardManagerSwift in Frameworks */,
			);
			runOnlyForDeploymentPostprocessing = 0;
		};
/* End PBXFrameworksBuildPhase section */

/* Begin PBXGroup section */
		43B4350001AC6FAC6D957B70 /* Frameworks */ = {
			isa = PBXGroup;
			children = (
				0E5B3D968D2059E91B9C3E20 /* Pods_FeedMe.framework */,
			);
			name = Frameworks;
			sourceTree = "<group>";
		};
		913D69A224D47C2700CEAC16 /* Item */ = {
			isa = PBXGroup;
			children = (
				915F1FE424C70D54005C88C2 /* PartialSizePresentController.swift */,
				913D69A024D47BCB00CEAC16 /* ItemViewController.swift */,
				915F1FE224C706EA005C88C2 /* EditViewController.swift */,
				913DFD9124D46E2F00DAB556 /* PickerViewController.swift */,
				9164C01524E5011100D2D80A /* EditTypeViewController.swift */,
			);
			path = Item;
			sourceTree = "<group>";
		};
		9144BCC024BCC64C00B4AC69 /* Controllers */ = {
			isa = PBXGroup;
			children = (
				9164C00A24E1DED700D2D80A /* Table views */,
				913D69A224D47C2700CEAC16 /* Item */,
				9164C00F24E2600100D2D80A /* Extensions.swift */,
				9148BC9E24EE39EC00F1D33F /* ProfileViewController.swift */,
			);
			path = Controllers;
			sourceTree = "<group>";
		};
		9144BCC124BCC68000B4AC69 /* Support_files */ = {
			isa = PBXGroup;
			children = (
				9167BD3624B4398B00B3FD1F /* Assets.xcassets */,
				9167BD3824B4398B00B3FD1F /* LaunchScreen.storyboard */,
			);
			path = Support_files;
			sourceTree = "<group>";
		};
		914C902324D91B9000BB33AC /* NIB */ = {
			isa = PBXGroup;
			children = (
				9164C00024E1D60700D2D80A /* Home */,
				9164C00524E1D63A00D2D80A /* Aliment Types */,
			);
			path = NIB;
			sourceTree = "<group>";
		};
		914D2E1524C5938F006C4B61 /* Data Model */ = {
			isa = PBXGroup;
			children = (
				91F9BC8E24ECE9DD00E43F45 /* Realm */,
				91F9BC8F24ECE9F400E43F45 /* Macro.swift */,
			);
			path = "Data Model";
			sourceTree = "<group>";
		};
		9164C00024E1D60700D2D80A /* Home */ = {
			isa = PBXGroup;
			children = (
				91D4599324BC776900469B05 /* CustomCell.swift */,
				91D4599424BC776900469B05 /* DayCell.xib */,
				9145505324D828A3006541BF /* MealCell.xib */,
				9164BFFB24E1010C00D2D80A /* AlimentCell.xib */,
			);
			path = Home;
			sourceTree = "<group>";
		};
		9164C00524E1D63A00D2D80A /* Aliment Types */ = {
			isa = PBXGroup;
			children = (
				9164C00624E1D99F00D2D80A /* AlimentsCell.swift */,
				9164C00724E1D99F00D2D80A /* AlimentsCell.xib */,
			);
			path = "Aliment Types";
			sourceTree = "<group>";
		};
		9164C00A24E1DED700D2D80A /* Table views */ = {
			isa = PBXGroup;
			children = (
				914C902424D91FFC00BB33AC /* ListViewController.swift */,
				9167BD3124B4398900B3FD1F /* DayViewController.swift */,
				914DCF4C24C43A74006BA902 /* MealViewController.swift */,
				914F50E824E03E2500F994AD /* AlimentViewController.swift */,
				9164C00B24E1DF0200D2D80A /* AlimentTypesViewController.swift */,
			);
			path = "Table views";
			sourceTree = "<group>";
		};
		9167BD2124B4398900B3FD1F = {
			isa = PBXGroup;
			children = (
				9167BD2C24B4398900B3FD1F /* FeedMe */,
				9167BD2B24B4398900B3FD1F /* Products */,
				E137EA3944176BDA30A7BCA0 /* Pods */,
				43B4350001AC6FAC6D957B70 /* Frameworks */,
			);
			sourceTree = "<group>";
		};
		9167BD2B24B4398900B3FD1F /* Products */ = {
			isa = PBXGroup;
			children = (
				9167BD2A24B4398900B3FD1F /* FeedMe.app */,
			);
			name = Products;
			sourceTree = "<group>";
		};
		9167BD2C24B4398900B3FD1F /* FeedMe */ = {
			isa = PBXGroup;
			children = (
				9167BD2D24B4398900B3FD1F /* AppDelegate.swift */,
				9167BD2F24B4398900B3FD1F /* SceneDelegate.swift */,
				9144BCC024BCC64C00B4AC69 /* Controllers */,
				914D2E1524C5938F006C4B61 /* Data Model */,
				91D4599224BC773D00469B05 /* Views */,
				9144BCC124BCC68000B4AC69 /* Support_files */,
				9167BD3B24B4398B00B3FD1F /* Info.plist */,
				9144BCC224BCC9FF00B4AC69 /* Constants.swift */,
			);
			path = FeedMe;
			sourceTree = "<group>";
		};
		91D4599224BC773D00469B05 /* Views */ = {
			isa = PBXGroup;
			children = (
				9167BD3324B4398900B3FD1F /* Main.storyboard */,
				914C902324D91B9000BB33AC /* NIB */,
			);
			path = Views;
			sourceTree = "<group>";
		};
		91F9BC8E24ECE9DD00E43F45 /* Realm */ = {
			isa = PBXGroup;
			children = (
				914C9FD524CA0D7E0088D162 /* AppItem.swift */,
				914D2E1324C59387006C4B61 /* Day.swift */,
				914D2E1624C593D6006C4B61 /* Meal.swift */,
				9164BFFE24E109F500D2D80A /* Aliment.swift */,
				9164C01224E2AEA800D2D80A /* AlimentType.swift */,
			);
			path = Realm;
			sourceTree = "<group>";
		};
		E137EA3944176BDA30A7BCA0 /* Pods */ = {
			isa = PBXGroup;
			children = (
				D6EEAE6C3FC2DEB825519785 /* Pods-FeedMe.debug.xcconfig */,
				20E598F76B8DBC66ECAD8470 /* Pods-FeedMe.release.xcconfig */,
			);
			path = Pods;
			sourceTree = "<group>";
		};
/* End PBXGroup section */

/* Begin PBXNativeTarget section */
		9167BD2924B4398900B3FD1F /* FeedMe */ = {
			isa = PBXNativeTarget;
			buildConfigurationList = 9167BD3E24B4398B00B3FD1F /* Build configuration list for PBXNativeTarget "FeedMe" */;
			buildPhases = (
				BF7BCCC4F66E0139A2173A12 /* [CP] Check Pods Manifest.lock */,
				9167BD2624B4398900B3FD1F /* Sources */,
				9167BD2724B4398900B3FD1F /* Frameworks */,
				9167BD2824B4398900B3FD1F /* Resources */,
				9BA8EF51D908209D4E7FDD17 /* [CP] Embed Pods Frameworks */,
			);
			buildRules = (
			);
			dependencies = (
			);
			name = FeedMe;
			packageProductDependencies = (
				9164C01824E5B3A800D2D80A /* IQKeyboardManagerSwift */,
			);
			productName = FeedMe;
			productReference = 9167BD2A24B4398900B3FD1F /* FeedMe.app */;
			productType = "com.apple.product-type.application";
		};
/* End PBXNativeTarget section */

/* Begin PBXProject section */
		9167BD2224B4398900B3FD1F /* Project object */ = {
			isa = PBXProject;
			attributes = {
				LastSwiftUpdateCheck = 1150;
				LastUpgradeCheck = 1150;
				ORGANIZATIONNAME = "Mathieu Delehaye";
				TargetAttributes = {
					9167BD2924B4398900B3FD1F = {
						CreatedOnToolsVersion = 11.5;
					};
				};
			};
			buildConfigurationList = 9167BD2524B4398900B3FD1F /* Build configuration list for PBXProject "FeedMe" */;
			compatibilityVersion = "Xcode 9.3";
			developmentRegion = en;
			hasScannedForEncodings = 0;
			knownRegions = (
				en,
				Base,
			);
			mainGroup = 9167BD2124B4398900B3FD1F;
			packageReferences = (
				9164C01724E5B3A800D2D80A /* XCRemoteSwiftPackageReference "IQKeyboardManager" */,
			);
			productRefGroup = 9167BD2B24B4398900B3FD1F /* Products */;
			projectDirPath = "";
			projectRoot = "";
			targets = (
				9167BD2924B4398900B3FD1F /* FeedMe */,
			);
		};
/* End PBXProject section */

/* Begin PBXResourcesBuildPhase section */
		9167BD2824B4398900B3FD1F /* Resources */ = {
			isa = PBXResourcesBuildPhase;
			buildActionMask = 2147483647;
			files = (
				9164C00924E1D99F00D2D80A /* AlimentsCell.xib in Resources */,
				9167BD3A24B4398B00B3FD1F /* LaunchScreen.storyboard in Resources */,
				9164BFFD24E1010C00D2D80A /* AlimentCell.xib in Resources */,
				9167BD3724B4398B00B3FD1F /* Assets.xcassets in Resources */,
				9145505524D828A3006541BF /* MealCell.xib in Resources */,
				91D4599624BC776900469B05 /* DayCell.xib in Resources */,
				9167BD3524B4398900B3FD1F /* Main.storyboard in Resources */,
			);
			runOnlyForDeploymentPostprocessing = 0;
		};
/* End PBXResourcesBuildPhase section */

/* Begin PBXShellScriptBuildPhase section */
		9BA8EF51D908209D4E7FDD17 /* [CP] Embed Pods Frameworks */ = {
			isa = PBXShellScriptBuildPhase;
			buildActionMask = 2147483647;
			files = (
			);
			inputFileListPaths = (
				"${PODS_ROOT}/Target Support Files/Pods-FeedMe/Pods-FeedMe-frameworks-${CONFIGURATION}-input-files.xcfilelist",
			);
			name = "[CP] Embed Pods Frameworks";
			outputFileListPaths = (
				"${PODS_ROOT}/Target Support Files/Pods-FeedMe/Pods-FeedMe-frameworks-${CONFIGURATION}-output-files.xcfilelist",
			);
			runOnlyForDeploymentPostprocessing = 0;
			shellPath = /bin/sh;
			shellScript = "\"${PODS_ROOT}/Target Support Files/Pods-FeedMe/Pods-FeedMe-frameworks.sh\"\n";
			showEnvVarsInLog = 0;
		};
		BF7BCCC4F66E0139A2173A12 /* [CP] Check Pods Manifest.lock */ = {
			isa = PBXShellScriptBuildPhase;
			buildActionMask = 2147483647;
			files = (
			);
			inputFileListPaths = (
			);
			inputPaths = (
				"${PODS_PODFILE_DIR_PATH}/Podfile.lock",
				"${PODS_ROOT}/Manifest.lock",
			);
			name = "[CP] Check Pods Manifest.lock";
			outputFileListPaths = (
			);
			outputPaths = (
				"$(DERIVED_FILE_DIR)/Pods-FeedMe-checkManifestLockResult.txt",
			);
			runOnlyForDeploymentPostprocessing = 0;
			shellPath = /bin/sh;
			shellScript = "diff \"${PODS_PODFILE_DIR_PATH}/Podfile.lock\" \"${PODS_ROOT}/Manifest.lock\" > /dev/null\nif [ $? != 0 ] ; then\n    # print error to STDERR\n    echo \"error: The sandbox is not in sync with the Podfile.lock. Run 'pod install' or update your CocoaPods installation.\" >&2\n    exit 1\nfi\n# This output is used by Xcode 'outputs' to avoid re-running this script phase.\necho \"SUCCESS\" > \"${SCRIPT_OUTPUT_FILE_0}\"\n";
			showEnvVarsInLog = 0;
		};
/* End PBXShellScriptBuildPhase section */

/* Begin PBXSourcesBuildPhase section */
		9167BD2624B4398900B3FD1F /* Sources */ = {
			isa = PBXSourcesBuildPhase;
			buildActionMask = 2147483647;
			files = (
				915F1FE324C706EA005C88C2 /* EditViewController.swift in Sources */,
				914D2E1424C59387006C4B61 /* Day.swift in Sources */,
				9164BFFF24E109F500D2D80A /* Aliment.swift in Sources */,
				9144BCC324BCC9FF00B4AC69 /* Constants.swift in Sources */,
				913D69A124D47BCB00CEAC16 /* ItemViewController.swift in Sources */,
				914C9FD624CA0D7E0088D162 /* AppItem.swift in Sources */,
				913DFD9224D46E2F00DAB556 /* PickerViewController.swift in Sources */,
				9164C01024E2600100D2D80A /* Extensions.swift in Sources */,
				914F50E924E03E2500F994AD /* AlimentViewController.swift in Sources */,
				9164C00C24E1DF0200D2D80A /* AlimentTypesViewController.swift in Sources */,
				914C902524D91FFC00BB33AC /* ListViewController.swift in Sources */,
				9164C00824E1D99F00D2D80A /* AlimentsCell.swift in Sources */,
				9167BD3224B4398900B3FD1F /* DayViewController.swift in Sources */,
				9167BD2E24B4398900B3FD1F /* AppDelegate.swift in Sources */,
				91F9BC9024ECE9F400E43F45 /* Macro.swift in Sources */,
				9148BC9F24EE39EC00F1D33F /* ProfileViewController.swift in Sources */,
				914D2E1724C593D6006C4B61 /* Meal.swift in Sources */,
				91D4599524BC776900469B05 /* CustomCell.swift in Sources */,
				9164C01324E2AEA800D2D80A /* AlimentType.swift in Sources */,
				915F1FE524C70D54005C88C2 /* PartialSizePresentController.swift in Sources */,
				9167BD3024B4398900B3FD1F /* SceneDelegate.swift in Sources */,
				914DCF4D24C43A74006BA902 /* MealViewController.swift in Sources */,
				9164C01624E5011100D2D80A /* EditTypeViewController.swift in Sources */,
			);
			runOnlyForDeploymentPostprocessing = 0;
		};
/* End PBXSourcesBuildPhase section */

/* Begin PBXVariantGroup section */
		9167BD3324B4398900B3FD1F /* Main.storyboard */ = {
			isa = PBXVariantGroup;
			children = (
				9167BD3424B4398900B3FD1F /* Base */,
			);
			name = Main.storyboard;
			sourceTree = "<group>";
		};
		9167BD3824B4398B00B3FD1F /* LaunchScreen.storyboard */ = {
			isa = PBXVariantGroup;
			children = (
				9167BD3924B4398B00B3FD1F /* Base */,
			);
			name = LaunchScreen.storyboard;
			sourceTree = "<group>";
		};
/* End PBXVariantGroup section */

/* Begin XCBuildConfiguration section */
		9167BD3C24B4398B00B3FD1F /* Debug */ = {
			isa = XCBuildConfiguration;
			buildSettings = {
				ALWAYS_SEARCH_USER_PATHS = NO;
				CLANG_ANALYZER_NONNULL = YES;
				CLANG_ANALYZER_NUMBER_OBJECT_CONVERSION = YES_AGGRESSIVE;
				CLANG_CXX_LANGUAGE_STANDARD = "gnu++14";
				CLANG_CXX_LIBRARY = "libc++";
				CLANG_ENABLE_MODULES = YES;
				CLANG_ENABLE_OBJC_ARC = YES;
				CLANG_ENABLE_OBJC_WEAK = YES;
				CLANG_WARN_BLOCK_CAPTURE_AUTORELEASING = YES;
				CLANG_WARN_BOOL_CONVERSION = YES;
				CLANG_WARN_COMMA = YES;
				CLANG_WARN_CONSTANT_CONVERSION = YES;
				CLANG_WARN_DEPRECATED_OBJC_IMPLEMENTATIONS = YES;
				CLANG_WARN_DIRECT_OBJC_ISA_USAGE = YES_ERROR;
				CLANG_WARN_DOCUMENTATION_COMMENTS = YES;
				CLANG_WARN_EMPTY_BODY = YES;
				CLANG_WARN_ENUM_CONVERSION = YES;
				CLANG_WARN_INFINITE_RECURSION = YES;
				CLANG_WARN_INT_CONVERSION = YES;
				CLANG_WARN_NON_LITERAL_NULL_CONVERSION = YES;
				CLANG_WARN_OBJC_IMPLICIT_RETAIN_SELF = YES;
				CLANG_WARN_OBJC_LITERAL_CONVERSION = YES;
				CLANG_WARN_OBJC_ROOT_CLASS = YES_ERROR;
				CLANG_WARN_RANGE_LOOP_ANALYSIS = YES;
				CLANG_WARN_STRICT_PROTOTYPES = YES;
				CLANG_WARN_SUSPICIOUS_MOVE = YES;
				CLANG_WARN_UNGUARDED_AVAILABILITY = YES_AGGRESSIVE;
				CLANG_WARN_UNREACHABLE_CODE = YES;
				CLANG_WARN__DUPLICATE_METHOD_MATCH = YES;
				COPY_PHASE_STRIP = NO;
				DEBUG_INFORMATION_FORMAT = dwarf;
				ENABLE_STRICT_OBJC_MSGSEND = YES;
				ENABLE_TESTABILITY = YES;
				GCC_C_LANGUAGE_STANDARD = gnu11;
				GCC_DYNAMIC_NO_PIC = NO;
				GCC_NO_COMMON_BLOCKS = YES;
				GCC_OPTIMIZATION_LEVEL = 0;
				GCC_PREPROCESSOR_DEFINITIONS = (
					"DEBUG=1",
					"$(inherited)",
				);
				GCC_WARN_64_TO_32_BIT_CONVERSION = YES;
				GCC_WARN_ABOUT_RETURN_TYPE = YES_ERROR;
				GCC_WARN_UNDECLARED_SELECTOR = YES;
				GCC_WARN_UNINITIALIZED_AUTOS = YES_AGGRESSIVE;
				GCC_WARN_UNUSED_FUNCTION = YES;
				GCC_WARN_UNUSED_VARIABLE = YES;
				IPHONEOS_DEPLOYMENT_TARGET = 13.5;
				MTL_ENABLE_DEBUG_INFO = INCLUDE_SOURCE;
				MTL_FAST_MATH = YES;
				ONLY_ACTIVE_ARCH = YES;
				SDKROOT = iphoneos;
				SWIFT_ACTIVE_COMPILATION_CONDITIONS = DEBUG;
				SWIFT_OPTIMIZATION_LEVEL = "-Onone";
			};
			name = Debug;
		};
		9167BD3D24B4398B00B3FD1F /* Release */ = {
			isa = XCBuildConfiguration;
			buildSettings = {
				ALWAYS_SEARCH_USER_PATHS = NO;
				CLANG_ANALYZER_NONNULL = YES;
				CLANG_ANALYZER_NUMBER_OBJECT_CONVERSION = YES_AGGRESSIVE;
				CLANG_CXX_LANGUAGE_STANDARD = "gnu++14";
				CLANG_CXX_LIBRARY = "libc++";
				CLANG_ENABLE_MODULES = YES;
				CLANG_ENABLE_OBJC_ARC = YES;
				CLANG_ENABLE_OBJC_WEAK = YES;
				CLANG_WARN_BLOCK_CAPTURE_AUTORELEASING = YES;
				CLANG_WARN_BOOL_CONVERSION = YES;
				CLANG_WARN_COMMA = YES;
				CLANG_WARN_CONSTANT_CONVERSION = YES;
				CLANG_WARN_DEPRECATED_OBJC_IMPLEMENTATIONS = YES;
				CLANG_WARN_DIRECT_OBJC_ISA_USAGE = YES_ERROR;
				CLANG_WARN_DOCUMENTATION_COMMENTS = YES;
				CLANG_WARN_EMPTY_BODY = YES;
				CLANG_WARN_ENUM_CONVERSION = YES;
				CLANG_WARN_INFINITE_RECURSION = YES;
				CLANG_WARN_INT_CONVERSION = YES;
				CLANG_WARN_NON_LITERAL_NULL_CONVERSION = YES;
				CLANG_WARN_OBJC_IMPLICIT_RETAIN_SELF = YES;
				CLANG_WARN_OBJC_LITERAL_CONVERSION = YES;
				CLANG_WARN_OBJC_ROOT_CLASS = YES_ERROR;
				CLANG_WARN_RANGE_LOOP_ANALYSIS = YES;
				CLANG_WARN_STRICT_PROTOTYPES = YES;
				CLANG_WARN_SUSPICIOUS_MOVE = YES;
				CLANG_WARN_UNGUARDED_AVAILABILITY = YES_AGGRESSIVE;
				CLANG_WARN_UNREACHABLE_CODE = YES;
				CLANG_WARN__DUPLICATE_METHOD_MATCH = YES;
				COPY_PHASE_STRIP = NO;
				DEBUG_INFORMATION_FORMAT = "dwarf-with-dsym";
				ENABLE_NS_ASSERTIONS = NO;
				ENABLE_STRICT_OBJC_MSGSEND = YES;
				GCC_C_LANGUAGE_STANDARD = gnu11;
				GCC_NO_COMMON_BLOCKS = YES;
				GCC_WARN_64_TO_32_BIT_CONVERSION = YES;
				GCC_WARN_ABOUT_RETURN_TYPE = YES_ERROR;
				GCC_WARN_UNDECLARED_SELECTOR = YES;
				GCC_WARN_UNINITIALIZED_AUTOS = YES_AGGRESSIVE;
				GCC_WARN_UNUSED_FUNCTION = YES;
				GCC_WARN_UNUSED_VARIABLE = YES;
				IPHONEOS_DEPLOYMENT_TARGET = 13.5;
				MTL_ENABLE_DEBUG_INFO = NO;
				MTL_FAST_MATH = YES;
				SDKROOT = iphoneos;
				SWIFT_COMPILATION_MODE = wholemodule;
				SWIFT_OPTIMIZATION_LEVEL = "-O";
				VALIDATE_PRODUCT = YES;
			};
			name = Release;
		};
		9167BD3F24B4398B00B3FD1F /* Debug */ = {
			isa = XCBuildConfiguration;
			baseConfigurationReference = D6EEAE6C3FC2DEB825519785 /* Pods-FeedMe.debug.xcconfig */;
			buildSettings = {
				ASSETCATALOG_COMPILER_APPICON_NAME = AppIcon;
				CODE_SIGN_STYLE = Automatic;
				DEVELOPMENT_TEAM = 2ZJ9976S98;
				INFOPLIST_FILE = FeedMe/Info.plist;
				LD_RUNPATH_SEARCH_PATHS = (
					"$(inherited)",
					"@executable_path/Frameworks",
				);
				PRODUCT_BUNDLE_IDENTIFIER = be.delehaye.FeedMe;
				PRODUCT_NAME = "$(TARGET_NAME)";
				SWIFT_VERSION = 5.0;
				TARGETED_DEVICE_FAMILY = "1,2";
			};
			name = Debug;
		};
		9167BD4024B4398B00B3FD1F /* Release */ = {
			isa = XCBuildConfiguration;
			baseConfigurationReference = 20E598F76B8DBC66ECAD8470 /* Pods-FeedMe.release.xcconfig */;
			buildSettings = {
				ASSETCATALOG_COMPILER_APPICON_NAME = AppIcon;
				CODE_SIGN_STYLE = Automatic;
				DEVELOPMENT_TEAM = 2ZJ9976S98;
				INFOPLIST_FILE = FeedMe/Info.plist;
				LD_RUNPATH_SEARCH_PATHS = (
					"$(inherited)",
					"@executable_path/Frameworks",
				);
				PRODUCT_BUNDLE_IDENTIFIER = be.delehaye.FeedMe;
				PRODUCT_NAME = "$(TARGET_NAME)";
				SWIFT_VERSION = 5.0;
				TARGETED_DEVICE_FAMILY = "1,2";
			};
			name = Release;
		};
/* End XCBuildConfiguration section */

/* Begin XCConfigurationList section */
		9167BD2524B4398900B3FD1F /* Build configuration list for PBXProject "FeedMe" */ = {
			isa = XCConfigurationList;
			buildConfigurations = (
				9167BD3C24B4398B00B3FD1F /* Debug */,
				9167BD3D24B4398B00B3FD1F /* Release */,
			);
			defaultConfigurationIsVisible = 0;
			defaultConfigurationName = Release;
		};
		9167BD3E24B4398B00B3FD1F /* Build configuration list for PBXNativeTarget "FeedMe" */ = {
			isa = XCConfigurationList;
			buildConfigurations = (
				9167BD3F24B4398B00B3FD1F /* Debug */,
				9167BD4024B4398B00B3FD1F /* Release */,
			);
			defaultConfigurationIsVisible = 0;
			defaultConfigurationName = Release;
		};
/* End XCConfigurationList section */

/* Begin XCRemoteSwiftPackageReference section */
		9164C01724E5B3A800D2D80A /* XCRemoteSwiftPackageReference "IQKeyboardManager" */ = {
			isa = XCRemoteSwiftPackageReference;
			repositoryURL = "https://github.com/hackiftekhar/IQKeyboardManager.git";
			requirement = {
				kind = upToNextMajorVersion;
				minimumVersion = 6.5.6;
			};
		};
/* End XCRemoteSwiftPackageReference section */

/* Begin XCSwiftPackageProductDependency section */
		9164C01824E5B3A800D2D80A /* IQKeyboardManagerSwift */ = {
			isa = XCSwiftPackageProductDependency;
			package = 9164C01724E5B3A800D2D80A /* XCRemoteSwiftPackageReference "IQKeyboardManager" */;
			productName = IQKeyboardManagerSwift;
		};
/* End XCSwiftPackageProductDependency section */
	};
	rootObject = 9167BD2224B4398900B3FD1F /* Project object */;
}
